Microsoft Visual Studio Solution File, Format Version 12.00
# Visual Studio Version 17
VisualStudioVersion = 17.5.2.0
MinimumVisualStudioVersion = 10.0.40219.1
Project("{FAE04EC0-301F-11D3-BF4B-00C04F79EFBC}") = "BiBlIA.API", "BiBlIA.API\BiBlIA.API.csproj", "{45FD67B0-D785-DBAF-B6C0-66E6F9EB5669}"
EndProject
Global
	GlobalSection(SolutionConfigurationPlatforms) = preSolution
		Debug|Any CPU = Debug|Any CPU
		Release|Any CPU = Release|Any CPU
	EndGlobalSection
	GlobalSection(ProjectConfigurationPlatforms) = postSolution
		{45FD67B0-D785-DBAF-B6C0-66E6F9EB5669}.Debug|Any CPU.ActiveCfg = Debug|Any CPU
		{45FD67B0-D785-DBAF-B6C0-66E6F9EB5669}.Debug|Any CPU.Build.0 = Debug|Any CPU
		{45FD67B0-D785-DBAF-B6C0-66E6F9EB5669}.Release|Any CPU.ActiveCfg = Release|Any CPU
		{45FD67B0-D785-DBAF-B6C0-66E6F9EB5669}.Release|Any CPU.Build.0 = Release|Any CPU
	EndGlobalSection
	GlobalSection(SolutionProperties) = preSolution
		HideSolutionNode = FALSE
	EndGlobalSection
	GlobalSection(ExtensibilityGlobals) = postSolution
		SolutionGuid = {A963587A-EA43-4F46-87D4-7E638E608F23}
	EndGlobalSection
EndGlobal
